
Microsoft Visual Studio Solution File, Format Version 12.00
# Visual Studio 15
VisualStudioVersion = 15.0.28307.421
MinimumVisualStudioVersion = 10.0.40219.1
Project("{FAE04EC0-301F-11D3-BF4B-00C04F79EFBC}") = "LatihanConstructor", "LatihanConstructor\LatihanConstructor.csproj", "{3E2E3B67-4D06-46FD-8B12-5965BEF86FFE}"
EndProject
Global
	GlobalSection(SolutionConfigurationPlatforms) = preSolution
		Debug|Any CPU = Debug|Any CPU
		Release|Any CPU = Release|Any CPU
	EndGlobalSection
	GlobalSection(ProjectConfigurationPlatforms) = postSolution
		{3E2E3B67-4D06-46FD-8B12-5965BEF86FFE}.Debug|Any CPU.ActiveCfg = Debug|Any CPU
		{3E2E3B67-4D06-46FD-8B12-5965BEF86FFE}.Debug|Any CPU.Build.0 = Debug|Any CPU
		{3E2E3B67-4D06-46FD-8B12-5965BEF86FFE}.Release|Any CPU.ActiveCfg = Release|Any CPU
		{3E2E3B67-4D06-46FD-8B12-5965BEF86FFE}.Release|Any CPU.Build.0 = Release|Any CPU
	EndGlobalSection
	GlobalSection(SolutionProperties) = preSolution
		HideSolutionNode = FALSE
	EndGlobalSection
	GlobalSection(ExtensibilityGlobals) = postSolution
		SolutionGuid = {70FF6F93-8873-4744-B746-79AD7C6030D7}
	EndGlobalSection
EndGlobal
